
Microsoft Visual Studio Solution File, Format Version 12.00
# Visual Studio Version 17
VisualStudioVersion = 17.9.34728.123
MinimumVisualStudioVersion = 10.0.40219.1
Project("{FAE04EC0-301F-11D3-BF4B-00C04F79EFBC}") = "ProjectAssignee", "ProjectAssignee.csproj", "{1A6930A3-102D-42FF-9903-81ECD9C4E55E}"
EndProject
Global
	GlobalSection(SolutionConfigurationPlatforms) = preSolution
		Debug|Any CPU = Debug|Any CPU
		Release|Any CPU = Release|Any CPU
	EndGlobalSection
	GlobalSection(ProjectConfigurationPlatforms) = postSolution
		{1A6930A3-102D-42FF-9903-81ECD9C4E55E}.Debug|Any CPU.ActiveCfg = Debug|Any CPU
		{1A6930A3-102D-42FF-9903-81ECD9C4E55E}.Debug|Any CPU.Build.0 = Debug|Any CPU
		{1A6930A3-102D-42FF-9903-81ECD9C4E55E}.Release|Any CPU.ActiveCfg = Release|Any CPU
		{1A6930A3-102D-42FF-9903-81ECD9C4E55E}.Release|Any CPU.Build.0 = Release|Any CPU
	EndGlobalSection
	GlobalSection(SolutionProperties) = preSolution
		HideSolutionNode = FALSE
	EndGlobalSection
	GlobalSection(ExtensibilityGlobals) = postSolution
		SolutionGuid = {76D51049-6B57-4182-9D68-28901BA60CE9}
	EndGlobalSection
EndGlobal
